// !$*UTF8*$!
{
	archiveVersion = 1;
	classes = {
	};
	objectVersion = 50;
	objects = {

/* Begin PBXBuildFile section */
		9CD268C4268501F3003966BA /* CitySightsApp.swift in Sources */ = {isa = PBXBuildFile; fileRef = 9CD268C3268501F3003966BA /* CitySightsApp.swift */; };
		9CD268C6268501F3003966BA /* LaunchView.swift in Sources */ = {isa = PBXBuildFile; fileRef = 9CD268C5268501F3003966BA /* LaunchView.swift */; };
		9CD268C8268501F4003966BA /* Assets.xcassets in Resources */ = {isa = PBXBuildFile; fileRef = 9CD268C7268501F4003966BA /* Assets.xcassets */; };
		9CD268CB268501F4003966BA /* Preview Assets.xcassets in Resources */ = {isa = PBXBuildFile; fileRef = 9CD268CA268501F4003966BA /* Preview Assets.xcassets */; };
		9CD268D62685042F003966BA /* ContentModel.swift in Sources */ = {isa = PBXBuildFile; fileRef = 9CD268D52685042F003966BA /* ContentModel.swift */; };
		9CD268D8268628B2003966BA /* Business.swift in Sources */ = {isa = PBXBuildFile; fileRef = 9CD268D7268628B2003966BA /* Business.swift */; };
		9CD268DB26863220003966BA /* Constants.swift in Sources */ = {isa = PBXBuildFile; fileRef = 9CD268DA26863220003966BA /* Constants.swift */; };
		9CD268E026863B4F003966BA /* HomeView.swift in Sources */ = {isa = PBXBuildFile; fileRef = 9CD268DF26863B4F003966BA /* HomeView.swift */; };
		9CD268E3268641D3003966BA /* BusinessList.swift in Sources */ = {isa = PBXBuildFile; fileRef = 9CD268E2268641D3003966BA /* BusinessList.swift */; };
		9CD268E526865CEA003966BA /* BusinessSectionHeader.swift in Sources */ = {isa = PBXBuildFile; fileRef = 9CD268E426865CEA003966BA /* BusinessSectionHeader.swift */; };
		9CD268E726865F15003966BA /* BusinessSection.swift in Sources */ = {isa = PBXBuildFile; fileRef = 9CD268E626865F15003966BA /* BusinessSection.swift */; };
		9CD268E9268666B7003966BA /* BusinessRow.swift in Sources */ = {isa = PBXBuildFile; fileRef = 9CD268E8268666B7003966BA /* BusinessRow.swift */; };
		9CD268EC2689F466003966BA /* BusinessDetail.swift in Sources */ = {isa = PBXBuildFile; fileRef = 9CD268EB2689F466003966BA /* BusinessDetail.swift */; };
		9CD268EF268A04AD003966BA /* BusinessMap.swift in Sources */ = {isa = PBXBuildFile; fileRef = 9CD268EE268A04AD003966BA /* BusinessMap.swift */; };
/* End PBXBuildFile section */

/* Begin PBXFileReference section */
		9CD268C0268501F3003966BA /* CitySightsApp.app */ = {isa = PBXFileReference; explicitFileType = wrapper.application; includeInIndex = 0; path = CitySightsApp.app; sourceTree = BUILT_PRODUCTS_DIR; };
		9CD268C3268501F3003966BA /* CitySightsApp.swift */ = {isa = PBXFileReference; lastKnownFileType = sourcecode.swift; path = CitySightsApp.swift; sourceTree = "<group>"; };
		9CD268C5268501F3003966BA /* LaunchView.swift */ = {isa = PBXFileReference; lastKnownFileType = sourcecode.swift; path = LaunchView.swift; sourceTree = "<group>"; };
		9CD268C7268501F4003966BA /* Assets.xcassets */ = {isa = PBXFileReference; lastKnownFileType = folder.assetcatalog; path = Assets.xcassets; sourceTree = "<group>"; };
		9CD268CA268501F4003966BA /* Preview Assets.xcassets */ = {isa = PBXFileReference; lastKnownFileType = folder.assetcatalog; path = "Preview Assets.xcassets"; sourceTree = "<group>"; };
		9CD268CC268501F4003966BA /* Info.plist */ = {isa = PBXFileReference; lastKnownFileType = text.plist.xml; path = Info.plist; sourceTree = "<group>"; };
		9CD268D52685042F003966BA /* ContentModel.swift */ = {isa = PBXFileReference; lastKnownFileType = sourcecode.swift; path = ContentModel.swift; sourceTree = "<group>"; };
		9CD268D7268628B2003966BA /* Business.swift */ = {isa = PBXFileReference; lastKnownFileType = sourcecode.swift; path = Business.swift; sourceTree = "<group>"; };
		9CD268DA26863220003966BA /* Constants.swift */ = {isa = PBXFileReference; lastKnownFileType = sourcecode.swift; path = Constants.swift; sourceTree = "<group>"; };
		9CD268DF26863B4F003966BA /* HomeView.swift */ = {isa = PBXFileReference; lastKnownFileType = sourcecode.swift; path = HomeView.swift; sourceTree = "<group>"; };
		9CD268E2268641D3003966BA /* BusinessList.swift */ = {isa = PBXFileReference; lastKnownFileType = sourcecode.swift; path = BusinessList.swift; sourceTree = "<group>"; };
		9CD268E426865CEA003966BA /* BusinessSectionHeader.swift */ = {isa = PBXFileReference; lastKnownFileType = sourcecode.swift; path = BusinessSectionHeader.swift; sourceTree = "<group>"; };
		9CD268E626865F15003966BA /* BusinessSection.swift */ = {isa = PBXFileReference; lastKnownFileType = sourcecode.swift; path = BusinessSection.swift; sourceTree = "<group>"; };
		9CD268E8268666B7003966BA /* BusinessRow.swift */ = {isa = PBXFileReference; lastKnownFileType = sourcecode.swift; path = BusinessRow.swift; sourceTree = "<group>"; };
		9CD268EB2689F466003966BA /* BusinessDetail.swift */ = {isa = PBXFileReference; lastKnownFileType = sourcecode.swift; path = BusinessDetail.swift; sourceTree = "<group>"; };
		9CD268EE268A04AD003966BA /* BusinessMap.swift */ = {isa = PBXFileReference; lastKnownFileType = sourcecode.swift; path = BusinessMap.swift; sourceTree = "<group>"; };
/* End PBXFileReference section */

/* Begin PBXFrameworksBuildPhase section */
		9CD268BD268501F3003966BA /* Frameworks */ = {
			isa = PBXFrameworksBuildPhase;
			buildActionMask = 2147483647;
			files = (
			);
			runOnlyForDeploymentPostprocessing = 0;
		};
/* End PBXFrameworksBuildPhase section */

/* Begin PBXGroup section */
		9CD268B7268501F3003966BA = {
			isa = PBXGroup;
			children = (
				9CD268C2268501F3003966BA /* CitySightsApp */,
				9CD268C1268501F3003966BA /* Products */,
			);
			sourceTree = "<group>";
		};
		9CD268C1268501F3003966BA /* Products */ = {
			isa = PBXGroup;
			children = (
				9CD268C0268501F3003966BA /* CitySightsApp.app */,
			);
			name = Products;
			sourceTree = "<group>";
		};
		9CD268C2268501F3003966BA /* CitySightsApp */ = {
			isa = PBXGroup;
			children = (
				9CD268C3268501F3003966BA /* CitySightsApp.swift */,
				9CD268D42685029B003966BA /* Views */,
				9CD268D326850293003966BA /* ViewModels */,
				9CD268D22685028D003966BA /* Models */,
				9CD268D926863209003966BA /* Helpers */,
				9CD268C7268501F4003966BA /* Assets.xcassets */,
				9CD268CC268501F4003966BA /* Info.plist */,
				9CD268C9268501F4003966BA /* Preview Content */,
			);
			path = CitySightsApp;
			sourceTree = "<group>";
		};
		9CD268C9268501F4003966BA /* Preview Content */ = {
			isa = PBXGroup;
			children = (
				9CD268CA268501F4003966BA /* Preview Assets.xcassets */,
			);
			path = "Preview Content";
			sourceTree = "<group>";
		};
		9CD268D22685028D003966BA /* Models */ = {
			isa = PBXGroup;
			children = (
				9CD268D7268628B2003966BA /* Business.swift */,
			);
			path = Models;
			sourceTree = "<group>";
		};
		9CD268D326850293003966BA /* ViewModels */ = {
			isa = PBXGroup;
			children = (
				9CD268D52685042F003966BA /* ContentModel.swift */,
			);
			path = ViewModels;
			sourceTree = "<group>";
		};
		9CD268D42685029B003966BA /* Views */ = {
			isa = PBXGroup;
			children = (
				9CD268C5268501F3003966BA /* LaunchView.swift */,
				9CD268DE26863B3C003966BA /* Home */,
				9CD268DD26863B33003966BA /* Denied */,
				9CD268DC26863B29003966BA /* Onboarding */,
			);
			path = Views;
			sourceTree = "<group>";
		};
		9CD268D926863209003966BA /* Helpers */ = {
			isa = PBXGroup;
			children = (
				9CD268DA26863220003966BA /* Constants.swift */,
			);
			path = Helpers;
			sourceTree = "<group>";
		};
		9CD268DC26863B29003966BA /* Onboarding */ = {
			isa = PBXGroup;
			children = (
			);
			path = Onboarding;
			sourceTree = "<group>";
		};
		9CD268DD26863B33003966BA /* Denied */ = {
			isa = PBXGroup;
			children = (
			);
			path = Denied;
			sourceTree = "<group>";
		};
		9CD268DE26863B3C003966BA /* Home */ = {
			isa = PBXGroup;
			children = (
				9CD268DF26863B4F003966BA /* HomeView.swift */,
				9CD268ED268A048F003966BA /* Map */,
				9CD268E1268641A5003966BA /* List */,
			);
			path = Home;
			sourceTree = "<group>";
		};
		9CD268E1268641A5003966BA /* List */ = {
			isa = PBXGroup;
			children = (
				9CD268E2268641D3003966BA /* BusinessList.swift */,
				9CD268E426865CEA003966BA /* BusinessSectionHeader.swift */,
				9CD268E626865F15003966BA /* BusinessSection.swift */,
				9CD268E8268666B7003966BA /* BusinessRow.swift */,
				9CD268EA2689F447003966BA /* Detail */,
			);
			path = List;
			sourceTree = "<group>";
		};
		9CD268EA2689F447003966BA /* Detail */ = {
			isa = PBXGroup;
			children = (
				9CD268EB2689F466003966BA /* BusinessDetail.swift */,
			);
			path = Detail;
			sourceTree = "<group>";
		};
		9CD268ED268A048F003966BA /* Map */ = {
			isa = PBXGroup;
			children = (
				9CD268EE268A04AD003966BA /* BusinessMap.swift */,
			);
			path = Map;
			sourceTree = "<group>";
		};
/* End PBXGroup section */

/* Begin PBXNativeTarget section */
		9CD268BF268501F3003966BA /* CitySightsApp */ = {
			isa = PBXNativeTarget;
			buildConfigurationList = 9CD268CF268501F4003966BA /* Build configuration list for PBXNativeTarget "CitySightsApp" */;
			buildPhases = (
				9CD268BC268501F3003966BA /* Sources */,
				9CD268BD268501F3003966BA /* Frameworks */,
				9CD268BE268501F3003966BA /* Resources */,
			);
			buildRules = (
			);
			dependencies = (
			);
			name = CitySightsApp;
			productName = CitySightsApp;
			productReference = 9CD268C0268501F3003966BA /* CitySightsApp.app */;
			productType = "com.apple.product-type.application";
		};
/* End PBXNativeTarget section */

/* Begin PBXProject section */
		9CD268B8268501F3003966BA /* Project object */ = {
			isa = PBXProject;
			attributes = {
				LastSwiftUpdateCheck = 1250;
				LastUpgradeCheck = 1250;
				TargetAttributes = {
					9CD268BF268501F3003966BA = {
						CreatedOnToolsVersion = 12.5.1;
					};
				};
			};
			buildConfigurationList = 9CD268BB268501F3003966BA /* Build configuration list for PBXProject "CitySightsApp" */;
			compatibilityVersion = "Xcode 9.3";
			developmentRegion = en;
			hasScannedForEncodings = 0;
			knownRegions = (
				en,
				Base,
			);
			mainGroup = 9CD268B7268501F3003966BA;
			productRefGroup = 9CD268C1268501F3003966BA /* Products */;
			projectDirPath = "";
			projectRoot = "";
			targets = (
				9CD268BF268501F3003966BA /* CitySightsApp */,
			);
		};
/* End PBXProject section */

/* Begin PBXResourcesBuildPhase section */
		9CD268BE268501F3003966BA /* Resources */ = {
			isa = PBXResourcesBuildPhase;
			buildActionMask = 2147483647;
			files = (
				9CD268CB268501F4003966BA /* Preview Assets.xcassets in Resources */,
				9CD268C8268501F4003966BA /* Assets.xcassets in Resources */,
			);
			runOnlyForDeploymentPostprocessing = 0;
		};
/* End PBXResourcesBuildPhase section */

/* Begin PBXSourcesBuildPhase section */
		9CD268BC268501F3003966BA /* Sources */ = {
			isa = PBXSourcesBuildPhase;
			buildActionMask = 2147483647;
			files = (
				9CD268E526865CEA003966BA /* BusinessSectionHeader.swift in Sources */,
				9CD268E726865F15003966BA /* BusinessSection.swift in Sources */,
				9CD268DB26863220003966BA /* Constants.swift in Sources */,
				9CD268C6268501F3003966BA /* LaunchView.swift in Sources */,
				9CD268D8268628B2003966BA /* Business.swift in Sources */,
				9CD268E026863B4F003966BA /* HomeView.swift in Sources */,
				9CD268EC2689F466003966BA /* BusinessDetail.swift in Sources */,
				9CD268E9268666B7003966BA /* BusinessRow.swift in Sources */,
				9CD268C4268501F3003966BA /* CitySightsApp.swift in Sources */,
				9CD268E3268641D3003966BA /* BusinessList.swift in Sources */,
				9CD268EF268A04AD003966BA /* BusinessMap.swift in Sources */,
				9CD268D62685042F003966BA /* ContentModel.swift in Sources */,
			);
			runOnlyForDeploymentPostprocessing = 0;
		};
/* End PBXSourcesBuildPhase section */

/* Begin XCBuildConfiguration section */
		9CD268CD268501F4003966BA /* Debug */ = {
			isa = XCBuildConfiguration;
			buildSettings = {
				ALWAYS_SEARCH_USER_PATHS = NO;
				CLANG_ANALYZER_NONNULL = YES;
				CLANG_ANALYZER_NUMBER_OBJECT_CONVERSION = YES_AGGRESSIVE;
				CLANG_CXX_LANGUAGE_STANDARD = "gnu++14";
				CLANG_CXX_LIBRARY = "libc++";
				CLANG_ENABLE_MODULES = YES;
				CLANG_ENABLE_OBJC_ARC = YES;
				CLANG_ENABLE_OBJC_WEAK = YES;
				CLANG_WARN_BLOCK_CAPTURE_AUTORELEASING = YES;
				CLANG_WARN_BOOL_CONVERSION = YES;
				CLANG_WARN_COMMA = YES;
				CLANG_WARN_CONSTANT_CONVERSION = YES;
				CLANG_WARN_DEPRECATED_OBJC_IMPLEMENTATIONS = YES;
				CLANG_WARN_DIRECT_OBJC_ISA_USAGE = YES_ERROR;
				CLANG_WARN_DOCUMENTATION_COMMENTS = YES;
				CLANG_WARN_EMPTY_BODY = YES;
				CLANG_WARN_ENUM_CONVERSION = YES;
				CLANG_WARN_INFINITE_RECURSION = YES;
				CLANG_WARN_INT_CONVERSION = YES;
				CLANG_WARN_NON_LITERAL_NULL_CONVERSION = YES;
				CLANG_WARN_OBJC_IMPLICIT_RETAIN_SELF = YES;
				CLANG_WARN_OBJC_LITERAL_CONVERSION = YES;
				CLANG_WARN_OBJC_ROOT_CLASS = YES_ERROR;
				CLANG_WARN_QUOTED_INCLUDE_IN_FRAMEWORK_HEADER = YES;
				CLANG_WARN_RANGE_LOOP_ANALYSIS = YES;
				CLANG_WARN_STRICT_PROTOTYPES = YES;
				CLANG_WARN_SUSPICIOUS_MOVE = YES;
				CLANG_WARN_UNGUARDED_AVAILABILITY = YES_AGGRESSIVE;
				CLANG_WARN_UNREACHABLE_CODE = YES;
				CLANG_WARN__DUPLICATE_METHOD_MATCH = YES;
				COPY_PHASE_STRIP = NO;
				DEBUG_INFORMATION_FORMAT = dwarf;
				ENABLE_STRICT_OBJC_MSGSEND = YES;
				ENABLE_TESTABILITY = YES;
				GCC_C_LANGUAGE_STANDARD = gnu11;
				GCC_DYNAMIC_NO_PIC = NO;
				GCC_NO_COMMON_BLOCKS = YES;
				GCC_OPTIMIZATION_LEVEL = 0;
				GCC_PREPROCESSOR_DEFINITIONS = (
					"DEBUG=1",
					"$(inherited)",
				);
				GCC_WARN_64_TO_32_BIT_CONVERSION = YES;
				GCC_WARN_ABOUT_RETURN_TYPE = YES_ERROR;
				GCC_WARN_UNDECLARED_SELECTOR = YES;
				GCC_WARN_UNINITIALIZED_AUTOS = YES_AGGRESSIVE;
				GCC_WARN_UNUSED_FUNCTION = YES;
				GCC_WARN_UNUSED_VARIABLE = YES;
				IPHONEOS_DEPLOYMENT_TARGET = 14.5;
				MTL_ENABLE_DEBUG_INFO = INCLUDE_SOURCE;
				MTL_FAST_MATH = YES;
				ONLY_ACTIVE_ARCH = YES;
				SDKROOT = iphoneos;
				SWIFT_ACTIVE_COMPILATION_CONDITIONS = DEBUG;
				SWIFT_OPTIMIZATION_LEVEL = "-Onone";
			};
			name = Debug;
		};
		9CD268CE268501F4003966BA /* Release */ = {
			isa = XCBuildConfiguration;
			buildSettings = {
				ALWAYS_SEARCH_USER_PATHS = NO;
				CLANG_ANALYZER_NONNULL = YES;
				CLANG_ANALYZER_NUMBER_OBJECT_CONVERSION = YES_AGGRESSIVE;
				CLANG_CXX_LANGUAGE_STANDARD = "gnu++14";
				CLANG_CXX_LIBRARY = "libc++";
				CLANG_ENABLE_MODULES = YES;
				CLANG_ENABLE_OBJC_ARC = YES;
				CLANG_ENABLE_OBJC_WEAK = YES;
				CLANG_WARN_BLOCK_CAPTURE_AUTORELEASING = YES;
				CLANG_WARN_BOOL_CONVERSION = YES;
				CLANG_WARN_COMMA = YES;
				CLANG_WARN_CONSTANT_CONVERSION = YES;
				CLANG_WARN_DEPRECATED_OBJC_IMPLEMENTATIONS = YES;
				CLANG_WARN_DIRECT_OBJC_ISA_USAGE = YES_ERROR;
				CLANG_WARN_DOCUMENTATION_COMMENTS = YES;
				CLANG_WARN_EMPTY_BODY = YES;
				CLANG_WARN_ENUM_CONVERSION = YES;
				CLANG_WARN_INFINITE_RECURSION = YES;
				CLANG_WARN_INT_CONVERSION = YES;
				CLANG_WARN_NON_LITERAL_NULL_CONVERSION = YES;
				CLANG_WARN_OBJC_IMPLICIT_RETAIN_SELF = YES;
				CLANG_WARN_OBJC_LITERAL_CONVERSION = YES;
				CLANG_WARN_OBJC_ROOT_CLASS = YES_ERROR;
				CLANG_WARN_QUOTED_INCLUDE_IN_FRAMEWORK_HEADER = YES;
				CLANG_WARN_RANGE_LOOP_ANALYSIS = YES;
				CLANG_WARN_STRICT_PROTOTYPES = YES;
				CLANG_WARN_SUSPICIOUS_MOVE = YES;
				CLANG_WARN_UNGUARDED_AVAILABILITY = YES_AGGRESSIVE;
				CLANG_WARN_UNREACHABLE_CODE = YES;
				CLANG_WARN__DUPLICATE_METHOD_MATCH = YES;
				COPY_PHASE_STRIP = NO;
				DEBUG_INFORMATION_FORMAT = "dwarf-with-dsym";
				ENABLE_NS_ASSERTIONS = NO;
				ENABLE_STRICT_OBJC_MSGSEND = YES;
				GCC_C_LANGUAGE_STANDARD = gnu11;
				GCC_NO_COMMON_BLOCKS = YES;
				GCC_WARN_64_TO_32_BIT_CONVERSION = YES;
				GCC_WARN_ABOUT_RETURN_TYPE = YES_ERROR;
				GCC_WARN_UNDECLARED_SELECTOR = YES;
				GCC_WARN_UNINITIALIZED_AUTOS = YES_AGGRESSIVE;
				GCC_WARN_UNUSED_FUNCTION = YES;
				GCC_WARN_UNUSED_VARIABLE = YES;
				IPHONEOS_DEPLOYMENT_TARGET = 14.5;
				MTL_ENABLE_DEBUG_INFO = NO;
				MTL_FAST_MATH = YES;
				SDKROOT = iphoneos;
				SWIFT_COMPILATION_MODE = wholemodule;
				SWIFT_OPTIMIZATION_LEVEL = "-O";
				VALIDATE_PRODUCT = YES;
			};
			name = Release;
		};
		9CD268D0268501F4003966BA /* Debug */ = {
			isa = XCBuildConfiguration;
			buildSettings = {
				ASSETCATALOG_COMPILER_APPICON_NAME = AppIcon;
				ASSETCATALOG_COMPILER_GLOBAL_ACCENT_COLOR_NAME = AccentColor;
				CODE_SIGN_STYLE = Automatic;
				DEVELOPMENT_ASSET_PATHS = "\"CitySightsApp/Preview Content\"";
				DEVELOPMENT_TEAM = 7ZLGQ49RLK;
				ENABLE_PREVIEWS = YES;
				INFOPLIST_FILE = CitySightsApp/Info.plist;
				IPHONEOS_DEPLOYMENT_TARGET = 14.0;
				LD_RUNPATH_SEARCH_PATHS = (
					"$(inherited)",
					"@executable_path/Frameworks",
				);
				PRODUCT_BUNDLE_IDENTIFIER = com.michaelchavez.CitySightsApp;
				PRODUCT_NAME = "$(TARGET_NAME)";
				SWIFT_VERSION = 5.0;
				TARGETED_DEVICE_FAMILY = "1,2";
			};
			name = Debug;
		};
		9CD268D1268501F4003966BA /* Release */ = {
			isa = XCBuildConfiguration;
			buildSettings = {
				ASSETCATALOG_COMPILER_APPICON_NAME = AppIcon;
				ASSETCATALOG_COMPILER_GLOBAL_ACCENT_COLOR_NAME = AccentColor;
				CODE_SIGN_STYLE = Automatic;
				DEVELOPMENT_ASSET_PATHS = "\"CitySightsApp/Preview Content\"";
				DEVELOPMENT_TEAM = 7ZLGQ49RLK;
				ENABLE_PREVIEWS = YES;
				INFOPLIST_FILE = CitySightsApp/Info.plist;
				IPHONEOS_DEPLOYMENT_TARGET = 14.0;
				LD_RUNPATH_SEARCH_PATHS = (
					"$(inherited)",
					"@executable_path/Frameworks",
				);
				PRODUCT_BUNDLE_IDENTIFIER = com.michaelchavez.CitySightsApp;
				PRODUCT_NAME = "$(TARGET_NAME)";
				SWIFT_VERSION = 5.0;
				TARGETED_DEVICE_FAMILY = "1,2";
			};
			name = Release;
		};
/* End XCBuildConfiguration section */

/* Begin XCConfigurationList section */
		9CD268BB268501F3003966BA /* Build configuration list for PBXProject "CitySightsApp" */ = {
			isa = XCConfigurationList;
			buildConfigurations = (
				9CD268CD268501F4003966BA /* Debug */,
				9CD268CE268501F4003966BA /* Release */,
			);
			defaultConfigurationIsVisible = 0;
			defaultConfigurationName = Release;
		};
		9CD268CF268501F4003966BA /* Build configuration list for PBXNativeTarget "CitySightsApp" */ = {
			isa = XCConfigurationList;
			buildConfigurations = (
				9CD268D0268501F4003966BA /* Debug */,
				9CD268D1268501F4003966BA /* Release */,
			);
			defaultConfigurationIsVisible = 0;
			defaultConfigurationName = Release;
		};
/* End XCConfigurationList section */
	};
	rootObject = 9CD268B8268501F3003966BA /* Project object */;
}
